
Microsoft Visual Studio Solution File, Format Version 12.00
# Visual Studio 2017
Project("{FAE04EC0-301F-11D3-BF4B-00C04F79EFBC}") = "Chasm.Plugins", "Chasm.Plugins.csproj", "{F62C7A19-8543-0297-8586-53A0E2603400}"
EndProject
Project("{FAE04EC0-301F-11D3-BF4B-00C04F79EFBC}") = "Chasm", "Chasm.csproj", "{6CBF0D3B-F694-3213-7D1C-B6E14CC54081}"
EndProject
Project("{FAE04EC0-301F-11D3-BF4B-00C04F79EFBC}") = "Chasm.Editor.Plugins", "Chasm.Editor.Plugins.csproj", "{9CA03A70-3B4E-EE5B-BB9E-4CE42175BD0A}"
EndProject
Project("{FAE04EC0-301F-11D3-BF4B-00C04F79EFBC}") = "Chasm.Editor", "Chasm.Editor.csproj", "{2FB34977-073A-B2F6-F57D-4FC8EFB2027D}"
EndProject
Global
	GlobalSection(SolutionConfigurationPlatforms) = preSolution
		Debug|Any CPU = Debug|Any CPU
		Release|Any CPU = Release|Any CPU
	EndGlobalSection
	GlobalSection(ProjectConfigurationPlatforms) = postSolution
		{F62C7A19-8543-0297-8586-53A0E2603400}.Debug|Any CPU.ActiveCfg = Debug|Any CPU
		{F62C7A19-8543-0297-8586-53A0E2603400}.Debug|Any CPU.Build.0 = Debug|Any CPU
		{F62C7A19-8543-0297-8586-53A0E2603400}.Release|Any CPU.ActiveCfg = Release|Any CPU
		{F62C7A19-8543-0297-8586-53A0E2603400}.Release|Any CPU.Build.0 = Release|Any CPU
		{6CBF0D3B-F694-3213-7D1C-B6E14CC54081}.Debug|Any CPU.ActiveCfg = Debug|Any CPU
		{6CBF0D3B-F694-3213-7D1C-B6E14CC54081}.Debug|Any CPU.Build.0 = Debug|Any CPU
		{6CBF0D3B-F694-3213-7D1C-B6E14CC54081}.Release|Any CPU.ActiveCfg = Release|Any CPU
		{6CBF0D3B-F694-3213-7D1C-B6E14CC54081}.Release|Any CPU.Build.0 = Release|Any CPU
		{9CA03A70-3B4E-EE5B-BB9E-4CE42175BD0A}.Debug|Any CPU.ActiveCfg = Debug|Any CPU
		{9CA03A70-3B4E-EE5B-BB9E-4CE42175BD0A}.Debug|Any CPU.Build.0 = Debug|Any CPU
		{9CA03A70-3B4E-EE5B-BB9E-4CE42175BD0A}.Release|Any CPU.ActiveCfg = Release|Any CPU
		{9CA03A70-3B4E-EE5B-BB9E-4CE42175BD0A}.Release|Any CPU.Build.0 = Release|Any CPU
		{2FB34977-073A-B2F6-F57D-4FC8EFB2027D}.Debug|Any CPU.ActiveCfg = Debug|Any CPU
		{2FB34977-073A-B2F6-F57D-4FC8EFB2027D}.Debug|Any CPU.Build.0 = Debug|Any CPU
		{2FB34977-073A-B2F6-F57D-4FC8EFB2027D}.Release|Any CPU.ActiveCfg = Release|Any CPU
		{2FB34977-073A-B2F6-F57D-4FC8EFB2027D}.Release|Any CPU.Build.0 = Release|Any CPU
	EndGlobalSection
	GlobalSection(SolutionProperties) = preSolution
		HideSolutionNode = FALSE
	EndGlobalSection
EndGlobal
